# THIS IS AN AUTOGENERATED FILE. DO NOT EDIT THIS FILE DIRECTLY.
# yarn lockfile v1


"@harmowatch/openapi-generator-cli@^0.0.3-3.3.3":
  version "0.0.3-3.3.3"
  resolved "https://registry.yarnpkg.com/@harmowatch/openapi-generator-cli/-/openapi-generator-cli-0.0.3-3.3.3.tgz#9ad5f84de59772c634696244c1e51cdf249b025e"
  integrity sha512-l8RCOjdyvw7osMez1Cxm1GYXpRszHmyHKm6ZAZo6dzc+KDiNkCfD4knjiaFGt/d9sBViflSUmd4Qxg0Gzgm5gg==
